
Microsoft Visual Studio Solution File, Format Version 12.00
# Visual Studio Version 17
VisualStudioVersion = 17.3.32929.385
MinimumVisualStudioVersion = 10.0.40219.1
Project("{FAE04EC0-301F-11D3-BF4B-00C04F79EFBC}") = "AzureTestApplication01", "AzureTestApplication01\AzureTestApplication01.csproj", "{6E11CDB8-4870-4CD8-90E0-F19537060AEC}"
EndProject
Global
	GlobalSection(SolutionConfigurationPlatforms) = preSolution
		Debug|Any CPU = Debug|Any CPU
		Release|Any CPU = Release|Any CPU
	EndGlobalSection
	GlobalSection(ProjectConfigurationPlatforms) = postSolution
		{6E11CDB8-4870-4CD8-90E0-F19537060AEC}.Debug|Any CPU.ActiveCfg = Debug|Any CPU
		{6E11CDB8-4870-4CD8-90E0-F19537060AEC}.Debug|Any CPU.Build.0 = Debug|Any CPU
		{6E11CDB8-4870-4CD8-90E0-F19537060AEC}.Release|Any CPU.ActiveCfg = Release|Any CPU
		{6E11CDB8-4870-4CD8-90E0-F19537060AEC}.Release|Any CPU.Build.0 = Release|Any CPU
	EndGlobalSection
	GlobalSection(SolutionProperties) = preSolution
		HideSolutionNode = FALSE
	EndGlobalSection
	GlobalSection(ExtensibilityGlobals) = postSolution
		SolutionGuid = {8378D2C1-145D-4146-AC59-847C8918E00C}
	EndGlobalSection
EndGlobal
